<?xml version="1.0" encoding="utf-8"?>
<Project ToolsVersion="4.0" xmlns="http://schemas.microsoft.com/developer/msbuild/2003">
  <ItemGroup>
    <Filter Include="Source Files">
      <UniqueIdentifier>{4FC737F1-C7A5-4376-A066-2A32D752A2FF}</UniqueIdentifier>
      <Extensions>qml;cpp;c;cc;cxx;def;odl;idl;hpj;bat;asm;asmx</Extensions>
    </Filter>
    <Filter Include="Header Files">
      <UniqueIdentifier>{93995380-89BD-4b04-88EB-625FBE52EBFB}</UniqueIdentifier>
      <Extensions>h;hh;hpp;hxx;hm;inl;inc;xsd</Extensions>
    </Filter>
    <Filter Include="Resource Files">
      <UniqueIdentifier>{67DA6AB6-F800-4c08-8B7A-83BB121AAD01}</UniqueIdentifier>
      <Extensions>qrc;rc;ico;cur;bmp;dlg;rc2;rct;bin;rgs;gif;jpg;jpeg;jpe;resx;tiff;tif;png;wav;mfcribbon-ms</Extensions>
    </Filter>
    <Filter Include="Form Files">
      <UniqueIdentifier>{99349809-55BA-4b9d-BF79-8FDBB0286EB3}</UniqueIdentifier>
      <Extensions>ui</Extensions>
    </Filter>
    <Filter Include="Translation Files">
      <UniqueIdentifier>{639EADAA-A684-42e4-A9AD-28FC9BCB8F7C}</UniqueIdentifier>
      <Extensions>ts</Extensions>
    </Filter>
    <Filter Include="Header Files\Entities">
      <UniqueIdentifier>{c93d34c4-327f-4b57-867b-3d7d163ce8dd}</UniqueIdentifier>
    </Filter>
    <Filter Include="Header Files\Game Engine">
      <UniqueIdentifier>{a4070505-8eb5-46e7-952d-b33cfea3c7dc}</UniqueIdentifier>
    </Filter>
    <Filter Include="Source Files\Entities">
      <UniqueIdentifier>{168ba03e-35bd-42e0-8b80-f8db9f842cc3}</UniqueIdentifier>
    </Filter>
    <Filter Include="Source Files\GameEngine">
      <UniqueIdentifier>{f13c1068-f90a-46f2-b21f-54118122b6fe}</UniqueIdentifier>
    </Filter>
    <Filter Include="Header Files\Tools">
      <UniqueIdentifier>{01d566e3-21da-402a-9cb4-a0b81a495dc3}</UniqueIdentifier>
    </Filter>
    <Filter Include="Source Files\Tools">
      <UniqueIdentifier>{6186c9cb-cc73-4315-abe2-1bc892b760af}</UniqueIdentifier>
    </Filter>
    <Filter Include="Header Files\Controls">
      <UniqueIdentifier>{e3a8eee7-11fa-46d7-b711-0075818105b5}</UniqueIdentifier>
    </Filter>
    <Filter Include="Source Files\Controls">
      <UniqueIdentifier>{500c8484-5a69-4384-b26e-78d7512ed9e7}</UniqueIdentifier>
    </Filter>
    <Filter Include="Source Files\Entities\Dynamic">
      <UniqueIdentifier>{757c9bd9-0d1f-4aa7-b9e7-6a4f8d2504fd}</UniqueIdentifier>
    </Filter>
    <Filter Include="Source Files\Entities\Static">
      <UniqueIdentifier>{0d05857c-a2f9-44fc-b878-ac128a929a09}</UniqueIdentifier>
    </Filter>
    <Filter Include="Header Files\Entities\Dynamic">
      <UniqueIdentifier>{8d0e9dc9-b6d7-46b0-b477-532e53e516bc}</UniqueIdentifier>
    </Filter>
    <Filter Include="Header Files\Entities\Static">
      <UniqueIdentifier>{40784d82-09c1-4d3a-9ff9-b9fea7db5bab}</UniqueIdentifier>
    </Filter>
    <Filter Include="Source Files\State">
      <UniqueIdentifier>{ceb16b49-819d-4c64-89b7-ac69cac23fb1}</UniqueIdentifier>
    </Filter>
    <Filter Include="Header Files\State">
      <UniqueIdentifier>{09550a6a-c2fb-4c26-8d65-85deec64d28f}</UniqueIdentifier>
    </Filter>
  </ItemGroup>
  <ItemGroup>
    <QtRcc Include="GPA675Lab2.qrc">
      <Filter>Resource Files</Filter>
    </QtRcc>
  </ItemGroup>
  <ItemGroup>
    <ClCompile Include="main.cpp">
      <Filter>Source Files</Filter>
    </ClCompile>
    <ClCompile Include="Entity.cpp">
      <Filter>Source Files\Entities</Filter>
    </ClCompile>
    <ClCompile Include="SnakeGameApplication.cpp">
      <Filter>Source Files\GameEngine</Filter>
    </ClCompile>
    <ClCompile Include="SnakeGameEngine.cpp">
      <Filter>Source Files\GameEngine</Filter>
    </ClCompile>
    <ClCompile Include="Tests.cpp">
      <Filter>Source Files\Tools</Filter>
    </ClCompile>
    <ClCompile Include="Controller.cpp">
      <Filter>Source Files\Controls</Filter>
    </ClCompile>
    <ClCompile Include="SnakeKeyboardRelativeController.cpp">
      <Filter>Source Files\Controls</Filter>
    </ClCompile>
    <ClCompile Include="SnakeKeyboardAbsoluteController.cpp">
      <Filter>Source Files\Controls</Filter>
    </ClCompile>
    <ClCompile Include="SnakeKeyboardController.cpp">
      <Filter>Source Files\Controls</Filter>
    </ClCompile>
    <ClCompile Include="AcceleratingPellet.cpp">
      <Filter>Source Files\Entities\Static</Filter>
    </ClCompile>
    <ClCompile Include="DynamicEntity.cpp">
      <Filter>Source Files\Entities\Dynamic</Filter>
    </ClCompile>
    <ClCompile Include="GrowingPellet.cpp">
      <Filter>Source Files\Entities\Static</Filter>
    </ClCompile>
    <ClCompile Include="Obstacle.cpp">
      <Filter>Source Files\Entities\Static</Filter>
    </ClCompile>
    <ClCompile Include="Pellet.cpp">
      <Filter>Source Files\Entities\Static</Filter>
    </ClCompile>
    <ClCompile Include="Snake.cpp">
      <Filter>Source Files\Entities\Dynamic</Filter>
    </ClCompile>
    <ClCompile Include="StaticEntity.cpp">
      <Filter>Source Files\Entities\Static</Filter>
    </ClCompile>
    <ClCompile Include="State.cpp">
      <Filter>Source Files\State</Filter>
    </ClCompile>
    <ClCompile Include="Transition.cpp">
      <Filter>Source Files\State</Filter>
    </ClCompile>
    <ClCompile Include="SnakeBlockade.cpp">
      <Filter>Source Files\GameEngine</Filter>
    </ClCompile>
    <ClCompile Include="SnakeGameScenario.cpp">
      <Filter>Source Files\GameEngine</Filter>
    </ClCompile>
    <ClCompile Include="SnakeOrigin.cpp">
      <Filter>Source Files\GameEngine</Filter>
    </ClCompile>
    <ClCompile Include="Snakify.cpp">
      <Filter>Source Files\GameEngine</Filter>
    </ClCompile>
    <ClCompile Include="SnakeGameState.cpp">
      <Filter>Source Files\State</Filter>
    </ClCompile>
    <ClCompile Include="KeyboardTransition.cpp">
      <Filter>Source Files\Tools</Filter>
    </ClCompile>
    <ClCompile Include="GameTransition.cpp">
      <Filter>Source Files\Tools</Filter>
    </ClCompile>
    <ClCompile Include="Arena.cpp">
      <Filter>Source Files\GameEngine</Filter>
    </ClCompile>
    <ClCompile Include="Body.cpp">
      <Filter>Source Files\Tools</Filter>
    </ClCompile>
    <ClCompile Include="FiniteStateMachine.cpp">
      <Filter>Source Files</Filter>
    </ClCompile>
    <ClCompile Include="HomeState.cpp">
      <Filter>Source Files</Filter>
    </ClCompile>
    <ClCompile Include="Menu.cpp">
      <Filter>Source Files\Tools</Filter>
    </ClCompile>
  </ItemGroup>
  <ItemGroup>
    <ClInclude Include="Entity.h">
      <Filter>Header Files\Entities</Filter>
    </ClInclude>
    <ClInclude Include="SnakeGameEngine.h">
      <Filter>Header Files\Game Engine</Filter>
    </ClInclude>
    <ClInclude Include="Body.h">
      <Filter>Header Files\Tools</Filter>
    </ClInclude>
    <ClInclude Include="PressedKeys.h">
      <Filter>Header Files\Tools</Filter>
    </ClInclude>
    <ClInclude Include="Tests.h">
      <Filter>Header Files\Tools</Filter>
    </ClInclude>
    <ClInclude Include="Controller.h">
      <Filter>Header Files\Controls</Filter>
    </ClInclude>
    <ClInclude Include="SnakeKeyboardAbsoluteController.h">
      <Filter>Header Files\Controls</Filter>
    </ClInclude>
    <ClInclude Include="SnakeKeyboardController.h">
      <Filter>Header Files\Controls</Filter>
    </ClInclude>
    <ClInclude Include="SnakeKeyboardRelativeController.h">
      <Filter>Header Files\Controls</Filter>
    </ClInclude>
    <ClInclude Include="DynamicEntity.h">
      <Filter>Header Files\Entities\Dynamic</Filter>
    </ClInclude>
    <ClInclude Include="GrowingPellet.h">
      <Filter>Header Files\Entities\Static</Filter>
    </ClInclude>
    <ClInclude Include="Obstacle.h">
      <Filter>Header Files\Entities\Static</Filter>
    </ClInclude>
    <ClInclude Include="Pellet.h">
      <Filter>Header Files\Entities\Static</Filter>
    </ClInclude>
    <ClInclude Include="Snake.h">
      <Filter>Header Files\Entities\Dynamic</Filter>
    </ClInclude>
    <ClInclude Include="StaticEntity.h">
      <Filter>Header Files\Entities\Static</Filter>
    </ClInclude>
    <ClInclude Include="AcceleratingPellet.h">
      <Filter>Header Files\Entities\Static</Filter>
    </ClInclude>
    <ClInclude Include="State.h">
      <Filter>Header Files\State</Filter>
    </ClInclude>
    <ClInclude Include="Transition.h">
      <Filter>Header Files\State</Filter>
    </ClInclude>
    <ClInclude Include="SnakeGameState.h">
      <Filter>Header Files\State</Filter>
    </ClInclude>
    <ClInclude Include="SnakeGameScenario.h">
      <Filter>Header Files\Game Engine</Filter>
    </ClInclude>
    <ClInclude Include="SnakeOrigin.h">
      <Filter>Header Files\Game Engine</Filter>
    </ClInclude>
    <ClInclude Include="SnakeBlockade.h">
      <Filter>Header Files\Game Engine</Filter>
    </ClInclude>
    <ClInclude Include="Snakify.h">
      <Filter>Header Files\Game Engine</Filter>
    </ClInclude>
    <ClInclude Include="KeyboardTransition.h">
      <Filter>Header Files\Tools</Filter>
    </ClInclude>
    <ClInclude Include="GameTransition.h">
      <Filter>Header Files\Tools</Filter>
    </ClInclude>
    <ClInclude Include="Arena.h">
      <Filter>Header Files\Game Engine</Filter>
    </ClInclude>
    <ClInclude Include="FiniteStateMachine.h">
      <Filter>Header Files</Filter>
    </ClInclude>
    <ClInclude Include="HomeState.h">
      <Filter>Header Files\State</Filter>
    </ClInclude>
  </ItemGroup>
  <ItemGroup>
    <QtMoc Include="SnakeGameApplication.h">
      <Filter>Header Files\Game Engine</Filter>
    </QtMoc>
    <QtMoc Include="Menu.h">
      <Filter>Header Files\Tools</Filter>
    </QtMoc>
  </ItemGroup>
  <ItemGroup>
    <QtUic Include="Menu.ui">
      <Filter>Form Files</Filter>
    </QtUic>
  </ItemGroup>
</Project>